
Microsoft Visual Studio Solution File, Format Version 12.00
# Visual Studio Version 16
VisualStudioVersion = 16.0.31624.102
MinimumVisualStudioVersion = 10.0.40219.1
Project("{8BC9CEB8-8B4A-11D0-8D11-00A0C91BC942}") = "ConsoleApplication40", "ConsoleApplication40\ConsoleApplication40.vcxproj", "{51AA28B1-D153-483C-B0BE-72FAFA23CF26}"
EndProject
Global
	GlobalSection(SolutionConfigurationPlatforms) = preSolution
		Debug|x64 = Debug|x64
		Debug|x86 = Debug|x86
		Release|x64 = Release|x64
		Release|x86 = Release|x86
	EndGlobalSection
	GlobalSection(ProjectConfigurationPlatforms) = postSolution
		{51AA28B1-D153-483C-B0BE-72FAFA23CF26}.Debug|x64.ActiveCfg = Debug|x64
		{51AA28B1-D153-483C-B0BE-72FAFA23CF26}.Debug|x64.Build.0 = Debug|x64
		{51AA28B1-D153-483C-B0BE-72FAFA23CF26}.Debug|x86.ActiveCfg = Debug|Win32
		{51AA28B1-D153-483C-B0BE-72FAFA23CF26}.Debug|x86.Build.0 = Debug|Win32
		{51AA28B1-D153-483C-B0BE-72FAFA23CF26}.Release|x64.ActiveCfg = Release|x64
		{51AA28B1-D153-483C-B0BE-72FAFA23CF26}.Release|x64.Build.0 = Release|x64
		{51AA28B1-D153-483C-B0BE-72FAFA23CF26}.Release|x86.ActiveCfg = Release|Win32
		{51AA28B1-D153-483C-B0BE-72FAFA23CF26}.Release|x86.Build.0 = Release|Win32
	EndGlobalSection
	GlobalSection(SolutionProperties) = preSolution
		HideSolutionNode = FALSE
	EndGlobalSection
	GlobalSection(ExtensibilityGlobals) = postSolution
		SolutionGuid = {049071ED-3FEC-4E02-B06A-139C2398AAB3}
	EndGlobalSection
EndGlobal
