
Microsoft Visual Studio Solution File, Format Version 12.00
# Visual Studio Version 16
VisualStudioVersion = 16.0.31624.102
MinimumVisualStudioVersion = 10.0.40219.1
Project("{8BC9CEB8-8B4A-11D0-8D11-00A0C91BC942}") = "ConsoleApplication30", "ConsoleApplication30\ConsoleApplication30.vcxproj", "{697B643D-D50F-4FFF-A07F-5CB659561493}"
EndProject
Global
	GlobalSection(SolutionConfigurationPlatforms) = preSolution
		Debug|x64 = Debug|x64
		Debug|x86 = Debug|x86
		Release|x64 = Release|x64
		Release|x86 = Release|x86
	EndGlobalSection
	GlobalSection(ProjectConfigurationPlatforms) = postSolution
		{697B643D-D50F-4FFF-A07F-5CB659561493}.Debug|x64.ActiveCfg = Debug|x64
		{697B643D-D50F-4FFF-A07F-5CB659561493}.Debug|x64.Build.0 = Debug|x64
		{697B643D-D50F-4FFF-A07F-5CB659561493}.Debug|x86.ActiveCfg = Debug|Win32
		{697B643D-D50F-4FFF-A07F-5CB659561493}.Debug|x86.Build.0 = Debug|Win32
		{697B643D-D50F-4FFF-A07F-5CB659561493}.Release|x64.ActiveCfg = Release|x64
		{697B643D-D50F-4FFF-A07F-5CB659561493}.Release|x64.Build.0 = Release|x64
		{697B643D-D50F-4FFF-A07F-5CB659561493}.Release|x86.ActiveCfg = Release|Win32
		{697B643D-D50F-4FFF-A07F-5CB659561493}.Release|x86.Build.0 = Release|Win32
	EndGlobalSection
	GlobalSection(SolutionProperties) = preSolution
		HideSolutionNode = FALSE
	EndGlobalSection
	GlobalSection(ExtensibilityGlobals) = postSolution
		SolutionGuid = {0D4EC32D-4361-4692-B571-625BA2959485}
	EndGlobalSection
EndGlobal
